
Microsoft Visual Studio Solution File, Format Version 12.00
# Visual Studio Version 17
VisualStudioVersion = 17.0.32112.339
MinimumVisualStudioVersion = 10.0.40219.1
Project("{FAE04EC0-301F-11D3-BF4B-00C04F79EFBC}") = "TPAdmissionTask", "TPAdmissionTask\TPAdmissionTask.csproj", "{7B598FB4-5A86-4199-BBF2-5BB2B79FBD5D}"
EndProject
Global
	GlobalSection(SolutionConfigurationPlatforms) = preSolution
		Debug|Any CPU = Debug|Any CPU
		Release|Any CPU = Release|Any CPU
	EndGlobalSection
	GlobalSection(ProjectConfigurationPlatforms) = postSolution
		{7B598FB4-5A86-4199-BBF2-5BB2B79FBD5D}.Debug|Any CPU.ActiveCfg = Debug|Any CPU
		{7B598FB4-5A86-4199-BBF2-5BB2B79FBD5D}.Debug|Any CPU.Build.0 = Debug|Any CPU
		{7B598FB4-5A86-4199-BBF2-5BB2B79FBD5D}.Release|Any CPU.ActiveCfg = Release|Any CPU
		{7B598FB4-5A86-4199-BBF2-5BB2B79FBD5D}.Release|Any CPU.Build.0 = Release|Any CPU
	EndGlobalSection
	GlobalSection(SolutionProperties) = preSolution
		HideSolutionNode = FALSE
	EndGlobalSection
	GlobalSection(ExtensibilityGlobals) = postSolution
		SolutionGuid = {5D356E8E-2D21-47AC-8F24-8FD28DA2E4E0}
	EndGlobalSection
EndGlobal
